
Microsoft Visual Studio Solution File, Format Version 12.00
# Visual Studio Version 17
VisualStudioVersion = 17.9.34701.34
MinimumVisualStudioVersion = 10.0.40219.1
Project("{FAE04EC0-301F-11D3-BF4B-00C04F79EFBC}") = "SPZO", "SPZO.csproj", "{D9D637EE-7E11-4057-AB74-16B4FB5D5E77}"
EndProject
Global
	GlobalSection(SolutionConfigurationPlatforms) = preSolution
		Debug|Any CPU = Debug|Any CPU
		Release|Any CPU = Release|Any CPU
	EndGlobalSection
	GlobalSection(ProjectConfigurationPlatforms) = postSolution
		{D9D637EE-7E11-4057-AB74-16B4FB5D5E77}.Debug|Any CPU.ActiveCfg = Debug|Any CPU
		{D9D637EE-7E11-4057-AB74-16B4FB5D5E77}.Debug|Any CPU.Build.0 = Debug|Any CPU
		{D9D637EE-7E11-4057-AB74-16B4FB5D5E77}.Release|Any CPU.ActiveCfg = Release|Any CPU
		{D9D637EE-7E11-4057-AB74-16B4FB5D5E77}.Release|Any CPU.Build.0 = Release|Any CPU
	EndGlobalSection
	GlobalSection(SolutionProperties) = preSolution
		HideSolutionNode = FALSE
	EndGlobalSection
	GlobalSection(ExtensibilityGlobals) = postSolution
		SolutionGuid = {B4F7BB39-D308-4F01-8B76-066C3D473D3D}
	EndGlobalSection
EndGlobal
